
Microsoft Visual Studio Solution File, Format Version 12.00
# Visual Studio Version 17
VisualStudioVersion = 17.14.36616.10 d17.14
MinimumVisualStudioVersion = 10.0.40219.1
Project("{8BC9CEB8-8B4A-11D0-8D11-00A0C91BC942}") = "p7_7_CMS", "p7_7_CMS.vcxproj", "{F5696590-262F-45FD-9B3B-E7E6A29BC63A}"
EndProject
Global
	GlobalSection(SolutionConfigurationPlatforms) = preSolution
		Debug|x64 = Debug|x64
		Debug|x86 = Debug|x86
		Release|x64 = Release|x64
		Release|x86 = Release|x86
	EndGlobalSection
	GlobalSection(ProjectConfigurationPlatforms) = postSolution
		{F5696590-262F-45FD-9B3B-E7E6A29BC63A}.Debug|x64.ActiveCfg = Debug|x64
		{F5696590-262F-45FD-9B3B-E7E6A29BC63A}.Debug|x64.Build.0 = Debug|x64
		{F5696590-262F-45FD-9B3B-E7E6A29BC63A}.Debug|x86.ActiveCfg = Debug|Win32
		{F5696590-262F-45FD-9B3B-E7E6A29BC63A}.Debug|x86.Build.0 = Debug|Win32
		{F5696590-262F-45FD-9B3B-E7E6A29BC63A}.Release|x64.ActiveCfg = Release|x64
		{F5696590-262F-45FD-9B3B-E7E6A29BC63A}.Release|x64.Build.0 = Release|x64
		{F5696590-262F-45FD-9B3B-E7E6A29BC63A}.Release|x86.ActiveCfg = Release|Win32
		{F5696590-262F-45FD-9B3B-E7E6A29BC63A}.Release|x86.Build.0 = Release|Win32
	EndGlobalSection
	GlobalSection(SolutionProperties) = preSolution
		HideSolutionNode = FALSE
	EndGlobalSection
	GlobalSection(ExtensibilityGlobals) = postSolution
		SolutionGuid = {2C7BFE7E-8DC8-49B8-AF86-6C5F2BE3BC72}
	EndGlobalSection
EndGlobal
